
Microsoft Visual Studio Solution File, Format Version 12.00
# Visual Studio Version 16
VisualStudioVersion = 16.0.31205.134
MinimumVisualStudioVersion = 10.0.40219.1
Project("{FAE04EC0-301F-11D3-BF4B-00C04F79EFBC}") = "S2_MyFirstProject", "S2_MyFirstProject.csproj", "{AA840518-852E-4081-A611-38E1C783D38F}"
EndProject
Global
	GlobalSection(SolutionConfigurationPlatforms) = preSolution
		Debug|Any CPU = Debug|Any CPU
		Release|Any CPU = Release|Any CPU
	EndGlobalSection
	GlobalSection(ProjectConfigurationPlatforms) = postSolution
		{AA840518-852E-4081-A611-38E1C783D38F}.Debug|Any CPU.ActiveCfg = Debug|Any CPU
		{AA840518-852E-4081-A611-38E1C783D38F}.Debug|Any CPU.Build.0 = Debug|Any CPU
		{AA840518-852E-4081-A611-38E1C783D38F}.Release|Any CPU.ActiveCfg = Release|Any CPU
		{AA840518-852E-4081-A611-38E1C783D38F}.Release|Any CPU.Build.0 = Release|Any CPU
	EndGlobalSection
	GlobalSection(SolutionProperties) = preSolution
		HideSolutionNode = FALSE
	EndGlobalSection
	GlobalSection(ExtensibilityGlobals) = postSolution
		SolutionGuid = {EF51F60D-EF67-4D8C-BC8C-A3B62AF33C96}
	EndGlobalSection
EndGlobal
